<?xml version="1.0" encoding="utf-8"?>
<Project ToolsVersion="4.0" xmlns="http://schemas.microsoft.com/developer/msbuild/2003">
  <ItemGroup>
    <Filter Include="Source Files">
      <UniqueIdentifier>{4FC737F1-C7A5-4376-A066-2A32D752A2FF}</UniqueIdentifier>
      <Extensions>cpp;c;cc;cxx;def;odl;idl;hpj;bat;asm;asmx</Extensions>
    </Filter>
    <Filter Include="Header Files">
      <UniqueIdentifier>{93995380-89BD-4b04-88EB-625FBE52EBFB}</UniqueIdentifier>
      <Extensions>h;hh;hpp;hxx;hm;inl;inc;xsd</Extensions>
    </Filter>
    <Filter Include="Resource Files">
      <UniqueIdentifier>{D9D6E242-F8AF-46E4-B9FD-80ECBC20BA3E}</UniqueIdentifier>
      <Extensions>qrc;*</Extensions>
      <ParseFiles>false</ParseFiles>
    </Filter>
    <Filter Include="Form Files">
      <UniqueIdentifier>{99349809-55BA-4b9d-BF79-8FDBB0286EB3}</UniqueIdentifier>
      <Extensions>ui</Extensions>
    </Filter>
    <Filter Include="Resource Files">
      <UniqueIdentifier>{D9D6E242-F8AF-46E4-B9FD-80ECBC20BA3E}</UniqueIdentifier>
      <Extensions>qrc;*</Extensions>
      <ParseFiles>false</ParseFiles>
    </Filter>
  </ItemGroup>
  <ItemGroup>
    <ClCompile Include="main.cpp">
      <Filter>Source Files</Filter>
    </ClCompile>
    <ClCompile Include="mypetools.cpp">
      <Filter>Source Files</Filter>
    </ClCompile>
    <ClCompile Include="cmytablewidget.cpp">
      <Filter>Source Files</Filter>
    </ClCompile>
    <ClCompile Include="cdoswidget.cpp">
      <Filter>Source Files</Filter>
    </ClCompile>
    <ClCompile Include="cntwidget.cpp">
      <Filter>Source Files</Filter>
    </ClCompile>
    <ClCompile Include="cfilewidget.cpp">
      <Filter>Source Files</Filter>
    </ClCompile>
    <ClCompile Include="COptionFileWidget.cpp">
      <Filter>Source Files</Filter>
    </ClCompile>
    <ClCompile Include="coptionsectinwidget.cpp">
      <Filter>Source Files</Filter>
    </ClCompile>
    <ClCompile Include="caddressconvertwidget.cpp">
      <Filter>Source Files</Filter>
    </ClCompile>
    <ClCompile Include="cimportwidget.cpp">
      <Filter>Source Files</Filter>
    </ClCompile>
    <ClCompile Include="cexportwidget.cpp">
      <Filter>Source Files</Filter>
    </ClCompile>
    <ClCompile Include="crelocationwidget.cpp">
      <Filter>Source Files</Filter>
    </ClCompile>
    <ClCompile Include="ctlswidget.cpp">
      <Filter>Source Files</Filter>
    </ClCompile>
    <ClCompile Include="cresourcewidget.cpp">
      <Filter>Source Files</Filter>
    </ClCompile>
  </ItemGroup>
  <ItemGroup>
    <QtMoc Include="mypetools.h">
      <Filter>Header Files</Filter>
    </QtMoc>
    <QtMoc Include="cmytablewidget.h">
      <Filter>Header Files</Filter>
    </QtMoc>
    <QtMoc Include="cdoswidget.h">
      <Filter>Header Files</Filter>
    </QtMoc>
    <QtMoc Include="cntwidget.h">
      <Filter>Header Files</Filter>
    </QtMoc>
    <QtMoc Include="cfilewidget.h">
      <Filter>Header Files</Filter>
    </QtMoc>
    <QtMoc Include="COptionFileWidget.h">
      <Filter>Header Files</Filter>
    </QtMoc>
    <QtMoc Include="coptionsectinwidget.h">
      <Filter>Header Files</Filter>
    </QtMoc>
    <QtMoc Include="caddressconvertwidget.h">
      <Filter>Header Files</Filter>
    </QtMoc>
    <QtMoc Include="cimportwidget.h">
      <Filter>Header Files</Filter>
    </QtMoc>
    <QtMoc Include="cexportwidget.h">
      <Filter>Header Files</Filter>
    </QtMoc>
    <QtMoc Include="crelocationwidget.h">
      <Filter>Header Files</Filter>
    </QtMoc>
    <QtMoc Include="ctlswidget.h">
      <Filter>Header Files</Filter>
    </QtMoc>
    <QtMoc Include="cresourcewidget.h">
      <Filter>Header Files</Filter>
    </QtMoc>
  </ItemGroup>
  <ItemGroup>
    <QtUic Include="mypetools.ui">
      <Filter>Form Files</Filter>
    </QtUic>
    <QtUic Include="caddressconvertwidget.ui">
      <Filter>Form Files</Filter>
    </QtUic>
    <QtUic Include="cimportwidget.ui">
      <Filter>Form Files</Filter>
    </QtUic>
    <QtUic Include="cexportwidget.ui">
      <Filter>Form Files</Filter>
    </QtUic>
    <QtUic Include="crelocationwidget.ui">
      <Filter>Form Files</Filter>
    </QtUic>
    <QtUic Include="cresourcewidget.ui">
      <Filter>Form Files</Filter>
    </QtUic>
  </ItemGroup>
  <ItemGroup>
    <QtRcc Include="mypetools.qrc">
      <Filter>Resource Files</Filter>
    </QtRcc>
  </ItemGroup>
  <ItemGroup>
    <ClInclude Include="resource.h">
      <Filter>Header Files</Filter>
    </ClInclude>
  </ItemGroup>
  <ItemGroup>
    <ResourceCompile Include="MyPeTools.rc" />
  </ItemGroup>
  <ItemGroup>
    <Image Include="Resources\CFF Explorer.ico" />
  </ItemGroup>
</Project>